
Microsoft Visual Studio Solution File, Format Version 12.00
# Visual Studio Version 16
VisualStudioVersion = 16.0.29318.209
MinimumVisualStudioVersion = 10.0.40219.1
Project("{FAE04EC0-301F-11D3-BF4B-00C04F79EFBC}") = "SpecFlowUiTesting", "SpecFlowUiTesting.csproj", "{DD57246A-4E5E-416C-8FFB-3C62C76B855E}"
EndProject
Global
	GlobalSection(SolutionConfigurationPlatforms) = preSolution
		Debug|Any CPU = Debug|Any CPU
		Release|Any CPU = Release|Any CPU
	EndGlobalSection
	GlobalSection(ProjectConfigurationPlatforms) = postSolution
		{DD57246A-4E5E-416C-8FFB-3C62C76B855E}.Debug|Any CPU.ActiveCfg = Debug|Any CPU
		{DD57246A-4E5E-416C-8FFB-3C62C76B855E}.Debug|Any CPU.Build.0 = Debug|Any CPU
		{DD57246A-4E5E-416C-8FFB-3C62C76B855E}.Release|Any CPU.ActiveCfg = Release|Any CPU
		{DD57246A-4E5E-416C-8FFB-3C62C76B855E}.Release|Any CPU.Build.0 = Release|Any CPU
	EndGlobalSection
	GlobalSection(SolutionProperties) = preSolution
		HideSolutionNode = FALSE
	EndGlobalSection
	GlobalSection(ExtensibilityGlobals) = postSolution
		SolutionGuid = {E25EC64A-6D71-4AE7-A7B1-8AE7DDE54755}
	EndGlobalSection
EndGlobal
